
Microsoft Visual Studio Solution File, Format Version 12.00
Project("{FAE04EC0-301F-11D3-BF4B-00C04F79EFBC}") = "EnvDTE.Host", "EnvDTE.Host\EnvDTE.Host.csproj", "{9684555C-E68A-4D65-80FC-8F7A9DB9D8E5}"
EndProject
Project("{FAE04EC0-301F-11D3-BF4B-00C04F79EFBC}") = "EnvDTE.Interfaces", "EnvDTE.Interfaces\EnvDTE.Interfaces.csproj", "{949A7537-794B-47DB-BF00-61A48A96003E}"
EndProject
Project("{FAE04EC0-301F-11D3-BF4B-00C04F79EFBC}") = "EnvDTE80.Interfaces", "EnvDTE80.Interfaces\EnvDTE80.Interfaces.csproj", "{65DA4BE3-6A1E-4C57-8942-6A2B70BF4BC6}"
EndProject
Project("{FAE04EC0-301F-11D3-BF4B-00C04F79EFBC}") = "EnvDTE90.Interfaces", "EnvDTE90.Interfaces\EnvDTE90.Interfaces.csproj", "{A33A50A9-7E04-410F-B749-3958FF46AC5A}"
EndProject
Project("{FAE04EC0-301F-11D3-BF4B-00C04F79EFBC}") = "EnvDTE90a.Interfaces", "EnvDTE90a.Interfaces\EnvDTE90a.Interfaces.csproj", "{79D375EC-CCCA-4C47-B5E3-6A7D3D7CFB6B}"
EndProject
Project("{FAE04EC0-301F-11D3-BF4B-00C04F79EFBC}") = "EnvDTE100.Interfaces", "EnvDTE100.Interfaces\EnvDTE100.Interfaces.csproj", "{0C3EAF9F-F664-4567-B583-498EAEB771EC}"
EndProject
Project("{FAE04EC0-301F-11D3-BF4B-00C04F79EFBC}") = "EnvDTE.Client", "EnvDTE.Client\EnvDTE.Client.csproj", "{7E620572-BF3E-4A77-95A4-EA899B820D14}"
EndProject
Project("{9A19103F-16F7-4668-BE54-9A1E7A4F7556}") = "_build", "build\_build.csproj", "{BBDF5E23-A512-405F-A358-E14F2BD7A735}"
EndProject
Global
	GlobalSection(SolutionConfigurationPlatforms) = preSolution
		Debug|Any CPU = Debug|Any CPU
		Release|Any CPU = Release|Any CPU
	EndGlobalSection
	GlobalSection(ProjectConfigurationPlatforms) = postSolution
		{BBDF5E23-A512-405F-A358-E14F2BD7A735}.Debug|Any CPU.ActiveCfg = Debug|Any CPU
		{BBDF5E23-A512-405F-A358-E14F2BD7A735}.Release|Any CPU.ActiveCfg = Release|Any CPU
		{9684555C-E68A-4D65-80FC-8F7A9DB9D8E5}.Debug|Any CPU.ActiveCfg = Debug|Any CPU
		{9684555C-E68A-4D65-80FC-8F7A9DB9D8E5}.Debug|Any CPU.Build.0 = Debug|Any CPU
		{9684555C-E68A-4D65-80FC-8F7A9DB9D8E5}.Release|Any CPU.ActiveCfg = Release|Any CPU
		{9684555C-E68A-4D65-80FC-8F7A9DB9D8E5}.Release|Any CPU.Build.0 = Release|Any CPU
		{949A7537-794B-47DB-BF00-61A48A96003E}.Debug|Any CPU.ActiveCfg = Debug|Any CPU
		{949A7537-794B-47DB-BF00-61A48A96003E}.Debug|Any CPU.Build.0 = Debug|Any CPU
		{949A7537-794B-47DB-BF00-61A48A96003E}.Release|Any CPU.ActiveCfg = Release|Any CPU
		{949A7537-794B-47DB-BF00-61A48A96003E}.Release|Any CPU.Build.0 = Release|Any CPU
		{65DA4BE3-6A1E-4C57-8942-6A2B70BF4BC6}.Debug|Any CPU.ActiveCfg = Debug|Any CPU
		{65DA4BE3-6A1E-4C57-8942-6A2B70BF4BC6}.Debug|Any CPU.Build.0 = Debug|Any CPU
		{65DA4BE3-6A1E-4C57-8942-6A2B70BF4BC6}.Release|Any CPU.ActiveCfg = Release|Any CPU
		{65DA4BE3-6A1E-4C57-8942-6A2B70BF4BC6}.Release|Any CPU.Build.0 = Release|Any CPU
		{A33A50A9-7E04-410F-B749-3958FF46AC5A}.Debug|Any CPU.ActiveCfg = Debug|Any CPU
		{A33A50A9-7E04-410F-B749-3958FF46AC5A}.Debug|Any CPU.Build.0 = Debug|Any CPU
		{A33A50A9-7E04-410F-B749-3958FF46AC5A}.Release|Any CPU.ActiveCfg = Release|Any CPU
		{A33A50A9-7E04-410F-B749-3958FF46AC5A}.Release|Any CPU.Build.0 = Release|Any CPU
		{79D375EC-CCCA-4C47-B5E3-6A7D3D7CFB6B}.Debug|Any CPU.ActiveCfg = Debug|Any CPU
		{79D375EC-CCCA-4C47-B5E3-6A7D3D7CFB6B}.Debug|Any CPU.Build.0 = Debug|Any CPU
		{79D375EC-CCCA-4C47-B5E3-6A7D3D7CFB6B}.Release|Any CPU.ActiveCfg = Release|Any CPU
		{79D375EC-CCCA-4C47-B5E3-6A7D3D7CFB6B}.Release|Any CPU.Build.0 = Release|Any CPU
		{0C3EAF9F-F664-4567-B583-498EAEB771EC}.Debug|Any CPU.ActiveCfg = Debug|Any CPU
		{0C3EAF9F-F664-4567-B583-498EAEB771EC}.Debug|Any CPU.Build.0 = Debug|Any CPU
		{0C3EAF9F-F664-4567-B583-498EAEB771EC}.Release|Any CPU.ActiveCfg = Release|Any CPU
		{0C3EAF9F-F664-4567-B583-498EAEB771EC}.Release|Any CPU.Build.0 = Release|Any CPU
		{7E620572-BF3E-4A77-95A4-EA899B820D14}.Debug|Any CPU.ActiveCfg = Debug|Any CPU
		{7E620572-BF3E-4A77-95A4-EA899B820D14}.Debug|Any CPU.Build.0 = Debug|Any CPU
		{7E620572-BF3E-4A77-95A4-EA899B820D14}.Release|Any CPU.ActiveCfg = Release|Any CPU
		{7E620572-BF3E-4A77-95A4-EA899B820D14}.Release|Any CPU.Build.0 = Release|Any CPU
	EndGlobalSection
EndGlobal
